
Microsoft Visual Studio Solution File, Format Version 12.00
Project("{FAE04EC0-301F-11D3-BF4B-00C04F79EFBC}") = "MiniNAT.Test", "MiniNAT.Test\MiniNAT.Test.csproj", "{FC2B8E24-FA31-4B2E-96DA-6714E703C8CC}"
EndProject
Project("{FAE04EC0-301F-11D3-BF4B-00C04F79EFBC}") = "MiniNAT", "..\MiniNAT\MiniNAT.csproj", "{326379E7-2046-41FB-A9A2-D65D79C33200}"
EndProject
Global
	GlobalSection(SolutionConfigurationPlatforms) = preSolution
		Debug|Any CPU = Debug|Any CPU
		Release|Any CPU = Release|Any CPU
	EndGlobalSection
	GlobalSection(ProjectConfigurationPlatforms) = postSolution
		{FC2B8E24-FA31-4B2E-96DA-6714E703C8CC}.Debug|Any CPU.ActiveCfg = Debug|Any CPU
		{FC2B8E24-FA31-4B2E-96DA-6714E703C8CC}.Debug|Any CPU.Build.0 = Debug|Any CPU
		{FC2B8E24-FA31-4B2E-96DA-6714E703C8CC}.Release|Any CPU.ActiveCfg = Release|Any CPU
		{FC2B8E24-FA31-4B2E-96DA-6714E703C8CC}.Release|Any CPU.Build.0 = Release|Any CPU
		{326379E7-2046-41FB-A9A2-D65D79C33200}.Debug|Any CPU.ActiveCfg = Debug|Any CPU
		{326379E7-2046-41FB-A9A2-D65D79C33200}.Debug|Any CPU.Build.0 = Debug|Any CPU
		{326379E7-2046-41FB-A9A2-D65D79C33200}.Release|Any CPU.ActiveCfg = Release|Any CPU
		{326379E7-2046-41FB-A9A2-D65D79C33200}.Release|Any CPU.Build.0 = Release|Any CPU
	EndGlobalSection
EndGlobal
